// !$*UTF8*$!
{
	archiveVersion = 1;
	classes = {
	};
	objectVersion = 46;
	objects = {

/* Begin PBXBuildFile section */
		1FEF0B201DBA16FB00DCCEB9 /* AppDelegate.m in Sources */ = {isa = PBXBuildFile; fileRef = 1FEF0B1F1DBA16FB00DCCEB9 /* AppDelegate.m */; };
		1FEF0B231DBA16FB00DCCEB9 /* main.m in Sources */ = {isa = PBXBuildFile; fileRef = 1FEF0B221DBA16FB00DCCEB9 /* main.m */; };
		1FEF0B251DBA16FB00DCCEB9 /* Assets.xcassets in Resources */ = {isa = PBXBuildFile; fileRef = 1FEF0B241DBA16FB00DCCEB9 /* Assets.xcassets */; };
		1FEF0B281DBA16FB00DCCEB9 /* MainMenu.xib in Resources */ = {isa = PBXBuildFile; fileRef = 1FEF0B261DBA16FB00DCCEB9 /* MainMenu.xib */; };
		1FEF0B371DBA175A00DCCEB9 /* EyeView.m in Sources */ = {isa = PBXBuildFile; fileRef = 1FEF0B301DBA175A00DCCEB9 /* EyeView.m */; };
		1FEF0B381DBA175A00DCCEB9 /* VideoPlayerView.m in Sources */ = {isa = PBXBuildFile; fileRef = 1FEF0B321DBA175A00DCCEB9 /* VideoPlayerView.m */; };
		1FEF0B391DBA175A00DCCEB9 /* PSVR.m in Sources */ = {isa = PBXBuildFile; fileRef = 1FEF0B341DBA175A00DCCEB9 /* PSVR.m */; };
/* End PBXBuildFile section */

/* Begin PBXFileReference section */
		1FEF0B1B1DBA16FB00DCCEB9 /* MacMorpheus.app */ = {isa = PBXFileReference; explicitFileType = wrapper.application; includeInIndex = 0; path = MacMorpheus.app; sourceTree = BUILT_PRODUCTS_DIR; };
		1FEF0B1E1DBA16FB00DCCEB9 /* AppDelegate.h */ = {isa = PBXFileReference; lastKnownFileType = sourcecode.c.h; path = AppDelegate.h; sourceTree = "<group>"; };
		1FEF0B1F1DBA16FB00DCCEB9 /* AppDelegate.m */ = {isa = PBXFileReference; lastKnownFileType = sourcecode.c.objc; path = AppDelegate.m; sourceTree = "<group>"; };
		1FEF0B221DBA16FB00DCCEB9 /* main.m */ = {isa = PBXFileReference; lastKnownFileType = sourcecode.c.objc; path = main.m; sourceTree = "<group>"; };
		1FEF0B241DBA16FB00DCCEB9 /* Assets.xcassets */ = {isa = PBXFileReference; lastKnownFileType = folder.assetcatalog; path = Assets.xcassets; sourceTree = "<group>"; };
		1FEF0B271DBA16FB00DCCEB9 /* Base */ = {isa = PBXFileReference; lastKnownFileType = file.xib; name = Base; path = Base.lproj/MainMenu.xib; sourceTree = "<group>"; };
		1FEF0B291DBA16FB00DCCEB9 /* Info.plist */ = {isa = PBXFileReference; lastKnownFileType = text.plist.xml; path = Info.plist; sourceTree = "<group>"; };
		1FEF0B2F1DBA175A00DCCEB9 /* EyeView.h */ = {isa = PBXFileReference; fileEncoding = 4; lastKnownFileType = sourcecode.c.h; path = EyeView.h; sourceTree = "<group>"; };
		1FEF0B301DBA175A00DCCEB9 /* EyeView.m */ = {isa = PBXFileReference; fileEncoding = 4; lastKnownFileType = sourcecode.c.objc; path = EyeView.m; sourceTree = "<group>"; };
		1FEF0B311DBA175A00DCCEB9 /* VideoPlayerView.h */ = {isa = PBXFileReference; fileEncoding = 4; lastKnownFileType = sourcecode.c.h; path = VideoPlayerView.h; sourceTree = "<group>"; };
		1FEF0B321DBA175A00DCCEB9 /* VideoPlayerView.m */ = {isa = PBXFileReference; fileEncoding = 4; lastKnownFileType = sourcecode.c.objc; path = VideoPlayerView.m; sourceTree = "<group>"; };
		1FEF0B331DBA175A00DCCEB9 /* PSVR.h */ = {isa = PBXFileReference; fileEncoding = 4; lastKnownFileType = sourcecode.c.h; path = PSVR.h; sourceTree = "<group>"; };
		1FEF0B341DBA175A00DCCEB9 /* PSVR.m */ = {isa = PBXFileReference; fileEncoding = 4; lastKnownFileType = sourcecode.c.objc; path = PSVR.m; sourceTree = "<group>"; };
/* End PBXFileReference section */

/* Begin PBXFrameworksBuildPhase section */
		1FEF0B181DBA16FB00DCCEB9 /* Frameworks */ = {
			isa = PBXFrameworksBuildPhase;
			buildActionMask = 2147483647;
			files = (
			);
			runOnlyForDeploymentPostprocessing = 0;
		};
/* End PBXFrameworksBuildPhase section */

/* Begin PBXGroup section */
		1FEF0B121DBA16FB00DCCEB9 = {
			isa = PBXGroup;
			children = (
				1FEF0B1D1DBA16FB00DCCEB9 /* MacMorpheus */,
				1FEF0B1C1DBA16FB00DCCEB9 /* Products */,
			);
			sourceTree = "<group>";
		};
		1FEF0B1C1DBA16FB00DCCEB9 /* Products */ = {
			isa = PBXGroup;
			children = (
				1FEF0B1B1DBA16FB00DCCEB9 /* MacMorpheus.app */,
			);
			name = Products;
			sourceTree = "<group>";
		};
		1FEF0B1D1DBA16FB00DCCEB9 /* MacMorpheus */ = {
			isa = PBXGroup;
			children = (
				1FEF0B1E1DBA16FB00DCCEB9 /* AppDelegate.h */,
				1FEF0B1F1DBA16FB00DCCEB9 /* AppDelegate.m */,
				1FEF0B2F1DBA175A00DCCEB9 /* EyeView.h */,
				1FEF0B301DBA175A00DCCEB9 /* EyeView.m */,
				1FEF0B311DBA175A00DCCEB9 /* VideoPlayerView.h */,
				1FEF0B321DBA175A00DCCEB9 /* VideoPlayerView.m */,
				1FEF0B331DBA175A00DCCEB9 /* PSVR.h */,
				1FEF0B341DBA175A00DCCEB9 /* PSVR.m */,
				1FEF0B241DBA16FB00DCCEB9 /* Assets.xcassets */,
				1FEF0B261DBA16FB00DCCEB9 /* MainMenu.xib */,
				1FEF0B291DBA16FB00DCCEB9 /* Info.plist */,
				1FEF0B211DBA16FB00DCCEB9 /* Supporting Files */,
			);
			path = MacMorpheus;
			sourceTree = "<group>";
		};
		1FEF0B211DBA16FB00DCCEB9 /* Supporting Files */ = {
			isa = PBXGroup;
			children = (
				1FEF0B221DBA16FB00DCCEB9 /* main.m */,
			);
			name = "Supporting Files";
			sourceTree = "<group>";
		};
/* End PBXGroup section */

/* Begin PBXNativeTarget section */
		1FEF0B1A1DBA16FB00DCCEB9 /* MacMorpheus */ = {
			isa = PBXNativeTarget;
			buildConfigurationList = 1FEF0B2C1DBA16FB00DCCEB9 /* Build configuration list for PBXNativeTarget "MacMorpheus" */;
			buildPhases = (
				1FEF0B171DBA16FB00DCCEB9 /* Sources */,
				1FEF0B181DBA16FB00DCCEB9 /* Frameworks */,
				1FEF0B191DBA16FB00DCCEB9 /* Resources */,
			);
			buildRules = (
			);
			dependencies = (
			);
			name = MacMorpheus;
			productName = MacMorpheus;
			productReference = 1FEF0B1B1DBA16FB00DCCEB9 /* MacMorpheus.app */;
			productType = "com.apple.product-type.application";
		};
/* End PBXNativeTarget section */

/* Begin PBXProject section */
		1FEF0B131DBA16FB00DCCEB9 /* Project object */ = {
			isa = PBXProject;
			attributes = {
				LastUpgradeCheck = 0800;
				ORGANIZATIONNAME = emoRaivis;
				TargetAttributes = {
					1FEF0B1A1DBA16FB00DCCEB9 = {
						CreatedOnToolsVersion = 8.0;
						ProvisioningStyle = Automatic;
					};
				};
			};
			buildConfigurationList = 1FEF0B161DBA16FB00DCCEB9 /* Build configuration list for PBXProject "MacMorpheus" */;
			compatibilityVersion = "Xcode 3.2";
			developmentRegion = English;
			hasScannedForEncodings = 0;
			knownRegions = (
				en,
				Base,
			);
			mainGroup = 1FEF0B121DBA16FB00DCCEB9;
			productRefGroup = 1FEF0B1C1DBA16FB00DCCEB9 /* Products */;
			projectDirPath = "";
			projectRoot = "";
			targets = (
				1FEF0B1A1DBA16FB00DCCEB9 /* MacMorpheus */,
			);
		};
/* End PBXProject section */

/* Begin PBXResourcesBuildPhase section */
		1FEF0B191DBA16FB00DCCEB9 /* Resources */ = {
			isa = PBXResourcesBuildPhase;
			buildActionMask = 2147483647;
			files = (
				1FEF0B251DBA16FB00DCCEB9 /* Assets.xcassets in Resources */,
				1FEF0B281DBA16FB00DCCEB9 /* MainMenu.xib in Resources */,
			);
			runOnlyForDeploymentPostprocessing = 0;
		};
/* End PBXResourcesBuildPhase section */

/* Begin PBXSourcesBuildPhase section */
		1FEF0B171DBA16FB00DCCEB9 /* Sources */ = {
			isa = PBXSourcesBuildPhase;
			buildActionMask = 2147483647;
			files = (
				1FEF0B391DBA175A00DCCEB9 /* PSVR.m in Sources */,
				1FEF0B231DBA16FB00DCCEB9 /* main.m in Sources */,
				1FEF0B201DBA16FB00DCCEB9 /* AppDelegate.m in Sources */,
				1FEF0B371DBA175A00DCCEB9 /* EyeView.m in Sources */,
				1FEF0B381DBA175A00DCCEB9 /* VideoPlayerView.m in Sources */,
			);
			runOnlyForDeploymentPostprocessing = 0;
		};
/* End PBXSourcesBuildPhase section */

/* Begin PBXVariantGroup section */
		1FEF0B261DBA16FB00DCCEB9 /* MainMenu.xib */ = {
			isa = PBXVariantGroup;
			children = (
				1FEF0B271DBA16FB00DCCEB9 /* Base */,
			);
			name = MainMenu.xib;
			sourceTree = "<group>";
		};
/* End PBXVariantGroup section */

/* Begin XCBuildConfiguration section */
		1FEF0B2A1DBA16FB00DCCEB9 /* Debug */ = {
			isa = XCBuildConfiguration;
			buildSettings = {
				ALWAYS_SEARCH_USER_PATHS = NO;
				CLANG_ANALYZER_NONNULL = YES;
				CLANG_CXX_LANGUAGE_STANDARD = "gnu++0x";
				CLANG_CXX_LIBRARY = "libc++";
				CLANG_ENABLE_MODULES = YES;
				CLANG_ENABLE_OBJC_ARC = YES;
				CLANG_WARN_BOOL_CONVERSION = YES;
				CLANG_WARN_CONSTANT_CONVERSION = YES;
				CLANG_WARN_DIRECT_OBJC_ISA_USAGE = YES_ERROR;
				CLANG_WARN_DOCUMENTATION_COMMENTS = YES;
				CLANG_WARN_EMPTY_BODY = YES;
				CLANG_WARN_ENUM_CONVERSION = YES;
				CLANG_WARN_INFINITE_RECURSION = YES;
				CLANG_WARN_INT_CONVERSION = YES;
				CLANG_WARN_OBJC_ROOT_CLASS = YES_ERROR;
				CLANG_WARN_SUSPICIOUS_MOVES = YES;
				CLANG_WARN_UNREACHABLE_CODE = YES;
				CLANG_WARN__DUPLICATE_METHOD_MATCH = YES;
				CODE_SIGN_IDENTITY = "-";
				COPY_PHASE_STRIP = NO;
				DEBUG_INFORMATION_FORMAT = dwarf;
				ENABLE_STRICT_OBJC_MSGSEND = YES;
				ENABLE_TESTABILITY = YES;
				GCC_C_LANGUAGE_STANDARD = gnu99;
				GCC_DYNAMIC_NO_PIC = NO;
				GCC_NO_COMMON_BLOCKS = YES;
				GCC_OPTIMIZATION_LEVEL = 0;
				GCC_PREPROCESSOR_DEFINITIONS = (
					"DEBUG=1",
					"$(inherited)",
				);
				GCC_WARN_64_TO_32_BIT_CONVERSION = YES;
				GCC_WARN_ABOUT_RETURN_TYPE = YES_ERROR;
				GCC_WARN_UNDECLARED_SELECTOR = YES;
				GCC_WARN_UNINITIALIZED_AUTOS = YES_AGGRESSIVE;
				GCC_WARN_UNUSED_FUNCTION = YES;
				GCC_WARN_UNUSED_VARIABLE = YES;
				MACOSX_DEPLOYMENT_TARGET = 10.12;
				MTL_ENABLE_DEBUG_INFO = YES;
				ONLY_ACTIVE_ARCH = YES;
				SDKROOT = macosx;
			};
			name = Debug;
		};
		1FEF0B2B1DBA16FB00DCCEB9 /* Release */ = {
			isa = XCBuildConfiguration;
			buildSettings = {
				ALWAYS_SEARCH_USER_PATHS = NO;
				CLANG_ANALYZER_NONNULL = YES;
				CLANG_CXX_LANGUAGE_STANDARD = "gnu++0x";
				CLANG_CXX_LIBRARY = "libc++";
				CLANG_ENABLE_MODULES = YES;
				CLANG_ENABLE_OBJC_ARC = YES;
				CLANG_WARN_BOOL_CONVERSION = YES;
				CLANG_WARN_CONSTANT_CONVERSION = YES;
				CLANG_WARN_DIRECT_OBJC_ISA_USAGE = YES_ERROR;
				CLANG_WARN_DOCUMENTATION_COMMENTS = YES;
				CLANG_WARN_EMPTY_BODY = YES;
				CLANG_WARN_ENUM_CONVERSION = YES;
				CLANG_WARN_INFINITE_RECURSION = YES;
				CLANG_WARN_INT_CONVERSION = YES;
				CLANG_WARN_OBJC_ROOT_CLASS = YES_ERROR;
				CLANG_WARN_SUSPICIOUS_MOVES = YES;
				CLANG_WARN_UNREACHABLE_CODE = YES;
				CLANG_WARN__DUPLICATE_METHOD_MATCH = YES;
				CODE_SIGN_IDENTITY = "-";
				COPY_PHASE_STRIP = NO;
				DEBUG_INFORMATION_FORMAT = "dwarf-with-dsym";
				ENABLE_NS_ASSERTIONS = NO;
				ENABLE_STRICT_OBJC_MSGSEND = YES;
				GCC_C_LANGUAGE_STANDARD = gnu99;
				GCC_NO_COMMON_BLOCKS = YES;
				GCC_WARN_64_TO_32_BIT_CONVERSION = YES;
				GCC_WARN_ABOUT_RETURN_TYPE = YES_ERROR;
				GCC_WARN_UNDECLARED_SELECTOR = YES;
				GCC_WARN_UNINITIALIZED_AUTOS = YES_AGGRESSIVE;
				GCC_WARN_UNUSED_FUNCTION = YES;
				GCC_WARN_UNUSED_VARIABLE = YES;
				MACOSX_DEPLOYMENT_TARGET = 10.12;
				MTL_ENABLE_DEBUG_INFO = NO;
				SDKROOT = macosx;
			};
			name = Release;
		};
		1FEF0B2D1DBA16FB00DCCEB9 /* Debug */ = {
			isa = XCBuildConfiguration;
			buildSettings = {
				ASSETCATALOG_COMPILER_APPICON_NAME = AppIcon;
				COMBINE_HIDPI_IMAGES = YES;
				INFOPLIST_FILE = MacMorpheus/Info.plist;
				LD_RUNPATH_SEARCH_PATHS = "$(inherited) @executable_path/../Frameworks";
				MACOSX_DEPLOYMENT_TARGET = 10.10;
				PRODUCT_BUNDLE_IDENTIFIER = emoRaivis.MacMorpheus;
				PRODUCT_NAME = "$(TARGET_NAME)";
			};
			name = Debug;
		};
		1FEF0B2E1DBA16FB00DCCEB9 /* Release */ = {
			isa = XCBuildConfiguration;
			buildSettings = {
				ASSETCATALOG_COMPILER_APPICON_NAME = AppIcon;
				COMBINE_HIDPI_IMAGES = YES;
				INFOPLIST_FILE = MacMorpheus/Info.plist;
				LD_RUNPATH_SEARCH_PATHS = "$(inherited) @executable_path/../Frameworks";
				MACOSX_DEPLOYMENT_TARGET = 10.10;
				PRODUCT_BUNDLE_IDENTIFIER = emoRaivis.MacMorpheus;
				PRODUCT_NAME = "$(TARGET_NAME)";
			};
			name = Release;
		};
/* End XCBuildConfiguration section */

/* Begin XCConfigurationList section */
		1FEF0B161DBA16FB00DCCEB9 /* Build configuration list for PBXProject "MacMorpheus" */ = {
			isa = XCConfigurationList;
			buildConfigurations = (
				1FEF0B2A1DBA16FB00DCCEB9 /* Debug */,
				1FEF0B2B1DBA16FB00DCCEB9 /* Release */,
			);
			defaultConfigurationIsVisible = 0;
			defaultConfigurationName = Release;
		};
		1FEF0B2C1DBA16FB00DCCEB9 /* Build configuration list for PBXNativeTarget "MacMorpheus" */ = {
			isa = XCConfigurationList;
			buildConfigurations = (
				1FEF0B2D1DBA16FB00DCCEB9 /* Debug */,
				1FEF0B2E1DBA16FB00DCCEB9 /* Release */,
			);
			defaultConfigurationIsVisible = 0;
			defaultConfigurationName = Release;
		};
/* End XCConfigurationList section */
	};
	rootObject = 1FEF0B131DBA16FB00DCCEB9 /* Project object */;
}
